
Microsoft Visual Studio Solution File, Format Version 12.00
# Visual Studio Version 17
VisualStudioVersion = 17.2.32526.322
MinimumVisualStudioVersion = 10.0.40219.1
Project("{FAE04EC0-301F-11D3-BF4B-00C04F79EFBC}") = "ImageCropper", "ImageCropper.csproj", "{1FE5FFBD-EB64-491A-979A-59786206F9D3}"
EndProject
Global
	GlobalSection(SolutionConfigurationPlatforms) = preSolution
		Debug|Any CPU = Debug|Any CPU
		Release|Any CPU = Release|Any CPU
	EndGlobalSection
	GlobalSection(ProjectConfigurationPlatforms) = postSolution
		{1FE5FFBD-EB64-491A-979A-59786206F9D3}.Debug|Any CPU.ActiveCfg = Debug|Any CPU
		{1FE5FFBD-EB64-491A-979A-59786206F9D3}.Debug|Any CPU.Build.0 = Debug|Any CPU
		{1FE5FFBD-EB64-491A-979A-59786206F9D3}.Release|Any CPU.ActiveCfg = Release|Any CPU
		{1FE5FFBD-EB64-491A-979A-59786206F9D3}.Release|Any CPU.Build.0 = Release|Any CPU
	EndGlobalSection
	GlobalSection(SolutionProperties) = preSolution
		HideSolutionNode = FALSE
	EndGlobalSection
	GlobalSection(ExtensibilityGlobals) = postSolution
		SolutionGuid = {D2D1E6D1-8234-4BF6-9555-ED84A10025BA}
	EndGlobalSection
EndGlobal
